
Microsoft Visual Studio Solution File, Format Version 12.00
# Visual Studio Version 17
VisualStudioVersion = 17.6.33829.357
MinimumVisualStudioVersion = 10.0.40219.1
Project("{FAE04EC0-301F-11D3-BF4B-00C04F79EFBC}") = "OtusHomework9", "OtusHomework9.csproj", "{A458A790-0CA5-4FA9-8BC6-3B5CF168A211}"
EndProject
Global
	GlobalSection(SolutionConfigurationPlatforms) = preSolution
		Debug|Any CPU = Debug|Any CPU
		Release|Any CPU = Release|Any CPU
	EndGlobalSection
	GlobalSection(ProjectConfigurationPlatforms) = postSolution
		{A458A790-0CA5-4FA9-8BC6-3B5CF168A211}.Debug|Any CPU.ActiveCfg = Debug|Any CPU
		{A458A790-0CA5-4FA9-8BC6-3B5CF168A211}.Debug|Any CPU.Build.0 = Debug|Any CPU
		{A458A790-0CA5-4FA9-8BC6-3B5CF168A211}.Release|Any CPU.ActiveCfg = Release|Any CPU
		{A458A790-0CA5-4FA9-8BC6-3B5CF168A211}.Release|Any CPU.Build.0 = Release|Any CPU
	EndGlobalSection
	GlobalSection(SolutionProperties) = preSolution
		HideSolutionNode = FALSE
	EndGlobalSection
	GlobalSection(ExtensibilityGlobals) = postSolution
		SolutionGuid = {72DC34D4-EFCD-44CF-9D42-FCFC3D7972C7}
	EndGlobalSection
EndGlobal
